
Microsoft Visual Studio Solution File, Format Version 12.00
# Visual Studio Version 16
VisualStudioVersion = 16.0.30104.148
MinimumVisualStudioVersion = 10.0.40219.1
Project("{FAE04EC0-301F-11D3-BF4B-00C04F79EFBC}") = "Hotel", "Hotel\Hotel.csproj", "{E9672A2F-589F-490A-9137-322789785F50}"
EndProject
Global
	GlobalSection(SolutionConfigurationPlatforms) = preSolution
		Debug|Any CPU = Debug|Any CPU
		Release|Any CPU = Release|Any CPU
	EndGlobalSection
	GlobalSection(ProjectConfigurationPlatforms) = postSolution
		{E9672A2F-589F-490A-9137-322789785F50}.Debug|Any CPU.ActiveCfg = Debug|Any CPU
		{E9672A2F-589F-490A-9137-322789785F50}.Debug|Any CPU.Build.0 = Debug|Any CPU
		{E9672A2F-589F-490A-9137-322789785F50}.Release|Any CPU.ActiveCfg = Release|Any CPU
		{E9672A2F-589F-490A-9137-322789785F50}.Release|Any CPU.Build.0 = Release|Any CPU
	EndGlobalSection
	GlobalSection(SolutionProperties) = preSolution
		HideSolutionNode = FALSE
	EndGlobalSection
	GlobalSection(ExtensibilityGlobals) = postSolution
		SolutionGuid = {DDCE049D-00CE-43CA-8F61-E961DA3DE6EC}
	EndGlobalSection
EndGlobal
